{
  "version": 4,
  "terraform_version": "0.14.8",
  "serial": 18,
  "lineage": "d4024a9d-2411-1032-dca9-32b8ffbe794d",
  "outputs": {},
  "resources": [
    {
      "module": "module.aws_key_pair",
      "mode": "managed",
      "type": "aws_key_pair",
      "name": "imported",
      "provider": "provider[\"registry.terraform.io/hashicorp/aws\"]",
      "instances": [
        {
          "index_key": 0,
          "schema_version": 1,
          "attributes": {
            "arn": "arn:aws:ec2:ap-southeast-1:720758062081:key-pair/symbiosis-dev-ec2",
            "fingerprint": "89:d2:d0:25:e4:48:79:2a:15:2d:28:07:cf:c3:75:ce",
            "id": "symbiosis-dev-ec2",
            "key_name": "symbiosis-dev-ec2",
            "key_name_prefix": "",
            "key_pair_id": "key-0672968ce2dc37fe3",
            "public_key": "ssh-rsa AAAAB3NzaC1yc2EAAAADAQABAAABAQDNNxlyJTLkLtfHbBAgm5pltBRxZnSXsZvH7VZOdmjm5CGvpLIuHKQ6OLWeMswHtPiqGVs8GIYjwF+Cs/XvlamIJUbYWHonw6oErHlhSFdufjnDVnyBZkMHBWT2rLtt7lhItAUntixv2Swr7KDnclECWRA009R6UM/crF75/K9frQBNCjXvtfqmqDIz9qvCt4+WiKzdYQf8snHHGm1omA5m0iMsXkjL5dqq1A3uqOpo4Rv6rvGaTn7WaqYfrQ/CsTWfiZMV3ttHhcMYi5TBeU9YnMeHofB1zvNBDFUbHdGcrhA63XGjr67lv+2yEYCfLZNTcAdgSWNJAYh48RUXiDV3 symbiosis.ec2.rsa2.pem",
            "tags": {
              "Name": "symbiosis-dev-ec2",
              "Namespace": "symbiosis",
              "Stage": "dev"
            },
            "tags_all": {
              "Name": "symbiosis-dev-ec2",
              "Namespace": "symbiosis",
              "Stage": "dev"
            }
          },
          "sensitive_attributes": [],
          "private": "eyJzY2hlbWFfdmVyc2lvbiI6IjEifQ=="
        }
      ]
    },
    {
      "module": "module.nodejs",
      "mode": "data",
      "type": "aws_ami",
      "name": "info",
      "provider": "provider[\"registry.terraform.io/hashicorp/aws\"]",
      "instances": [
        {
          "schema_version": 0,
          "attributes": {
            "architecture": "x86_64",
            "arn": "arn:aws:ec2:ap-southeast-1::image/ami-0801a1e12f4a9ccc0",
            "block_device_mappings": [
              {
                "device_name": "/dev/xvda",
                "ebs": {
                  "delete_on_termination": "true",
                  "encrypted": "false",
                  "iops": "0",
                  "snapshot_id": "snap-02e2acf4e07a3c48c",
                  "throughput": "0",
                  "volume_size": "8",
                  "volume_type": "gp2"
                },
                "no_device": "",
                "virtual_name": ""
              }
            ],
            "boot_mode": "",
            "creation_date": "2022-03-16T03:31:42.000Z",
            "description": "Amazon Linux 2 Kernel 5.10 AMI 2.0.20220316.0 x86_64 HVM gp2",
            "ena_support": true,
            "executable_users": null,
            "filter": [
              {
                "name": "image-id",
                "values": [
                  "ami-0801a1e12f4a9ccc0"
                ]
              }
            ],
            "hypervisor": "xen",
            "id": "ami-0801a1e12f4a9ccc0",
            "image_id": "ami-0801a1e12f4a9ccc0",
            "image_location": "amazon/amzn2-ami-kernel-5.10-hvm-2.0.20220316.0-x86_64-gp2",
            "image_owner_alias": "amazon",
            "image_type": "machine",
            "kernel_id": null,
            "most_recent": false,
            "name": "amzn2-ami-kernel-5.10-hvm-2.0.20220316.0-x86_64-gp2",
            "name_regex": null,
            "owner_id": "137112412989",
            "owners": [
              "137112412989"
            ],
            "platform": null,
            "platform_details": "Linux/UNIX",
            "product_codes": [],
            "public": true,
            "ramdisk_id": null,
            "root_device_name": "/dev/xvda",
            "root_device_type": "ebs",
            "root_snapshot_id": "snap-02e2acf4e07a3c48c",
            "sriov_net_support": "simple",
            "state": "available",
            "state_reason": {
              "code": "UNSET",
              "message": "UNSET"
            },
            "tags": {},
            "usage_operation": "RunInstances",
            "virtualization_type": "hvm"
          },
          "sensitive_attributes": []
        }
      ]
    },
    {
      "module": "module.nodejs",
      "mode": "data",
      "type": "aws_caller_identity",
      "name": "default",
      "provider": "provider[\"registry.terraform.io/hashicorp/aws\"]",
      "instances": [
        {
          "schema_version": 0,
          "attributes": {
            "account_id": "720758062081",
            "arn": "arn:aws:iam::720758062081:user/wathian",
            "id": "720758062081",
            "user_id": "AIDA2PUEHHQAQU4M4LGFK"
          },
          "sensitive_attributes": []
        }
      ]
    },
    {
      "module": "module.nodejs",
      "mode": "data",
      "type": "aws_iam_policy_document",
      "name": "default",
      "provider": "provider[\"registry.terraform.io/hashicorp/aws\"]",
      "instances": [
        {
          "schema_version": 0,
          "attributes": {
            "id": "1903849331",
            "json": "{\n  \"Version\": \"2012-10-17\",\n  \"Statement\": [\n    {\n      \"Sid\": \"\",\n      \"Effect\": \"Allow\",\n      \"Action\": \"sts:AssumeRole\",\n      \"Principal\": {\n        \"Service\": \"ec2.amazonaws.com\"\n      }\n    }\n  ]\n}",
            "override_json": null,
            "override_policy_documents": null,
            "policy_id": null,
            "source_json": null,
            "source_policy_documents": null,
            "statement": [
              {
                "actions": [
                  "sts:AssumeRole"
                ],
                "condition": [],
                "effect": "Allow",
                "not_actions": [],
                "not_principals": [],
                "not_resources": [],
                "principals": [
                  {
                    "identifiers": [
                      "ec2.amazonaws.com"
                    ],
                    "type": "Service"
                  }
                ],
                "resources": [],
                "sid": ""
              }
            ],
            "version": "2012-10-17"
          },
          "sensitive_attributes": []
        }
      ]
    },
    {
      "module": "module.nodejs",
      "mode": "data",
      "type": "aws_partition",
      "name": "default",
      "provider": "provider[\"registry.terraform.io/hashicorp/aws\"]",
      "instances": [
        {
          "schema_version": 0,
          "attributes": {
            "dns_suffix": "amazonaws.com",
            "id": "aws",
            "partition": "aws",
            "reverse_dns_prefix": "com.amazonaws"
          },
          "sensitive_attributes": []
        }
      ]
    },
    {
      "module": "module.nodejs",
      "mode": "data",
      "type": "aws_region",
      "name": "default",
      "provider": "provider[\"registry.terraform.io/hashicorp/aws\"]",
      "instances": [
        {
          "schema_version": 0,
          "attributes": {
            "description": "Asia Pacific (Singapore)",
            "endpoint": "ec2.ap-southeast-1.amazonaws.com",
            "id": "ap-southeast-1",
            "name": "ap-southeast-1"
          },
          "sensitive_attributes": []
        }
      ]
    },
    {
      "module": "module.nodejs",
      "mode": "data",
      "type": "aws_subnet",
      "name": "default",
      "provider": "provider[\"registry.terraform.io/hashicorp/aws\"]",
      "instances": [
        {
          "schema_version": 0,
          "attributes": {
            "arn": "arn:aws:ec2:ap-southeast-1:720758062081:subnet/subnet-046b92952ce519f52",
            "assign_ipv6_address_on_creation": false,
            "availability_zone": "ap-southeast-1a",
            "availability_zone_id": "apse1-az1",
            "available_ip_address_count": 16378,
            "cidr_block": "192.168.128.0/18",
            "customer_owned_ipv4_pool": "",
            "default_for_az": false,
            "enable_dns64": false,
            "enable_resource_name_dns_a_record_on_launch": false,
            "enable_resource_name_dns_aaaa_record_on_launch": false,
            "filter": null,
            "id": "subnet-046b92952ce519f52",
            "ipv6_cidr_block": "",
            "ipv6_cidr_block_association_id": "",
            "ipv6_native": false,
            "map_customer_owned_ip_on_launch": false,
            "map_public_ip_on_launch": true,
            "outpost_arn": "",
            "owner_id": "720758062081",
            "private_dns_hostname_type_on_launch": "ip-name",
            "state": "available",
            "tags": {
              "Attributes": "public",
              "Name": "symbiosis-dev-subnet-public-apse1a",
              "Namespace": "symbiosis",
              "Stage": "dev",
              "cpco.io/subnet/type": "public"
            },
            "vpc_id": "vpc-046b1ecd264f43af1"
          },
          "sensitive_attributes": []
        }
      ]
    },
    {
      "module": "module.nodejs",
      "mode": "managed",
      "type": "aws_cloudwatch_metric_alarm",
      "name": "default",
      "provider": "provider[\"registry.terraform.io/hashicorp/aws\"]",
      "instances": [
        {
          "index_key": 0,
          "schema_version": 1,
          "attributes": {
            "actions_enabled": true,
            "alarm_actions": [
              "arn:aws:swf:ap-southeast-1:720758062081:action/actions/AWS_EC2.InstanceId.Reboot/1.0"
            ],
            "alarm_description": "",
            "alarm_name": "symbiosis-dev-ec2",
            "arn": "arn:aws:cloudwatch:ap-southeast-1:720758062081:alarm:symbiosis-dev-ec2",
            "comparison_operator": "GreaterThanOrEqualToThreshold",
            "datapoints_to_alarm": 0,
            "dimensions": {
              "InstanceId": "i-06c3a8e06ca8b4166"
            },
            "evaluate_low_sample_count_percentiles": "",
            "evaluation_periods": 5,
            "extended_statistic": "",
            "id": "symbiosis-dev-ec2",
            "insufficient_data_actions": [],
            "metric_name": "StatusCheckFailed_Instance",
            "metric_query": [],
            "namespace": "AWS/EC2",
            "ok_actions": [],
            "period": 60,
            "statistic": "Maximum",
            "tags": {},
            "tags_all": {},
            "threshold": 1,
            "threshold_metric_id": "",
            "treat_missing_data": "missing",
            "unit": ""
          },
          "sensitive_attributes": [],
          "private": "eyJzY2hlbWFfdmVyc2lvbiI6IjEifQ==",
          "dependencies": [
            "module.aws_key_pair.aws_key_pair.generated",
            "module.aws_key_pair.aws_key_pair.imported",
            "module.aws_key_pair.tls_private_key.default",
            "module.nodejs.aws_iam_instance_profile.default",
            "module.nodejs.aws_iam_role.default",
            "module.nodejs.aws_instance.default",
            "module.nodejs.data.aws_ami.default",
            "module.nodejs.data.aws_ami.info",
            "module.nodejs.data.aws_caller_identity.default",
            "module.nodejs.data.aws_iam_policy_document.default",
            "module.nodejs.data.aws_partition.default",
            "module.nodejs.data.aws_region.default",
            "module.nodejs.data.aws_subnet.default",
            "module.nodejs.module.security_group.aws_security_group.default",
            "module.nodejs.module.security_group.data.aws_security_group.external",
            "module.nodejs.null_resource.check_alarm_action"
          ]
        }
      ]
    },
    {
      "module": "module.nodejs",
      "mode": "managed",
      "type": "aws_iam_instance_profile",
      "name": "default",
      "provider": "provider[\"registry.terraform.io/hashicorp/aws\"]",
      "instances": [
        {
          "index_key": 0,
          "schema_version": 0,
          "attributes": {
            "arn": "arn:aws:iam::720758062081:instance-profile/symbiosis-dev-ec2",
            "create_date": "2022-04-03T13:15:34Z",
            "id": "symbiosis-dev-ec2",
            "name": "symbiosis-dev-ec2",
            "name_prefix": null,
            "path": "/",
            "role": "symbiosis-dev-ec2",
            "tags": {},
            "tags_all": {},
            "unique_id": "AIPA2PUEHHQAVIMETP6T5"
          },
          "sensitive_attributes": [],
          "private": "bnVsbA==",
          "dependencies": [
            "module.nodejs.aws_iam_role.default",
            "module.nodejs.data.aws_iam_policy_document.default"
          ]
        }
      ]
    },
    {
      "module": "module.nodejs",
      "mode": "managed",
      "type": "aws_iam_role",
      "name": "default",
      "provider": "provider[\"registry.terraform.io/hashicorp/aws\"]",
      "instances": [
        {
          "index_key": 0,
          "schema_version": 0,
          "attributes": {
            "arn": "arn:aws:iam::720758062081:role/symbiosis-dev-ec2",
            "assume_role_policy": "{\"Version\":\"2012-10-17\",\"Statement\":[{\"Sid\":\"\",\"Effect\":\"Allow\",\"Principal\":{\"Service\":\"ec2.amazonaws.com\"},\"Action\":\"sts:AssumeRole\"}]}",
            "create_date": "2022-04-03T13:15:32Z",
            "description": "",
            "force_detach_policies": false,
            "id": "symbiosis-dev-ec2",
            "inline_policy": [
              {
                "name": "",
                "policy": ""
              }
            ],
            "managed_policy_arns": [],
            "max_session_duration": 3600,
            "name": "symbiosis-dev-ec2",
            "name_prefix": "",
            "path": "/",
            "permissions_boundary": "",
            "tags": {
              "Name": "symbiosis-dev-ec2",
              "Namespace": "symbiosis",
              "Stage": "dev"
            },
            "tags_all": {
              "Name": "symbiosis-dev-ec2",
              "Namespace": "symbiosis",
              "Stage": "dev"
            },
            "unique_id": "AROA2PUEHHQAXXBG3EMLQ"
          },
          "sensitive_attributes": [],
          "private": "bnVsbA==",
          "dependencies": [
            "module.nodejs.data.aws_iam_policy_document.default"
          ]
        }
      ]
    },
    {
      "module": "module.nodejs",
      "mode": "managed",
      "type": "aws_instance",
      "name": "default",
      "provider": "provider[\"registry.terraform.io/hashicorp/aws\"]",
      "instances": [
        {
          "index_key": 0,
          "schema_version": 1,
          "attributes": {
            "ami": "ami-0801a1e12f4a9ccc0",
            "arn": "arn:aws:ec2:ap-southeast-1:720758062081:instance/i-06c3a8e06ca8b4166",
            "associate_public_ip_address": true,
            "availability_zone": "ap-southeast-1a",
            "capacity_reservation_specification": [
              {
                "capacity_reservation_preference": "open",
                "capacity_reservation_target": []
              }
            ],
            "cpu_core_count": 1,
            "cpu_threads_per_core": 1,
            "credit_specification": [
              {
                "cpu_credits": "standard"
              }
            ],
            "disable_api_termination": false,
            "ebs_block_device": [],
            "ebs_optimized": false,
            "enclave_options": [
              {
                "enabled": false
              }
            ],
            "ephemeral_block_device": [],
            "get_password_data": false,
            "hibernation": false,
            "host_id": null,
            "iam_instance_profile": "symbiosis-dev-ec2",
            "id": "i-06c3a8e06ca8b4166",
            "instance_initiated_shutdown_behavior": "stop",
            "instance_state": "running",
            "instance_type": "t2.micro",
            "ipv6_address_count": 0,
            "ipv6_addresses": [],
            "key_name": "symbiosis-dev-ec2",
            "launch_template": [],
            "metadata_options": [
              {
                "http_endpoint": "enabled",
                "http_put_response_hop_limit": 2,
                "http_tokens": "required",
                "instance_metadata_tags": "disabled"
              }
            ],
            "monitoring": false,
            "network_interface": [],
            "outpost_arn": "",
            "password_data": "",
            "placement_group": "",
            "placement_partition_number": null,
            "primary_network_interface_id": "eni-024f578ed3e0ff202",
            "private_dns": "ip-192-168-171-234.ap-southeast-1.compute.internal",
            "private_ip": "192.168.171.234",
            "public_dns": "ec2-3-1-194-89.ap-southeast-1.compute.amazonaws.com",
            "public_ip": "3.1.194.89",
            "root_block_device": [
              {
                "delete_on_termination": true,
                "device_name": "/dev/xvda",
                "encrypted": true,
                "iops": 100,
                "kms_key_id": "arn:aws:kms:ap-southeast-1:720758062081:key/84acdc44-b9c3-4c8b-a8b1-dea01a67a0d0",
                "tags": {},
                "throughput": 0,
                "volume_id": "vol-0fffcf4039ae7488f",
                "volume_size": 8,
                "volume_type": "gp2"
              }
            ],
            "secondary_private_ips": [],
            "security_groups": [],
            "source_dest_check": true,
            "subnet_id": "subnet-046b92952ce519f52",
            "tags": {
              "Name": "symbiosis-dev-ec2",
              "Namespace": "symbiosis",
              "Stage": "dev"
            },
            "tags_all": {
              "Name": "symbiosis-dev-ec2",
              "Namespace": "symbiosis",
              "Stage": "dev"
            },
            "tenancy": "default",
            "timeouts": null,
            "user_data": null,
            "user_data_base64": null,
            "user_data_replace_on_change": false,
            "volume_tags": {
              "Name": "symbiosis-dev-ec2",
              "Namespace": "symbiosis",
              "Stage": "dev"
            },
            "vpc_security_group_ids": [
              "sg-0ed6dc31f7c9ad5ab"
            ]
          },
          "sensitive_attributes": [],
          "private": "eyJlMmJmYjczMC1lY2FhLTExZTYtOGY4OC0zNDM2M2JjN2M0YzAiOnsiY3JlYXRlIjo2MDAwMDAwMDAwMDAsImRlbGV0ZSI6MTIwMDAwMDAwMDAwMCwidXBkYXRlIjo2MDAwMDAwMDAwMDB9LCJzY2hlbWFfdmVyc2lvbiI6IjEifQ==",
          "dependencies": [
            "module.aws_key_pair.aws_key_pair.generated",
            "module.aws_key_pair.aws_key_pair.imported",
            "module.aws_key_pair.tls_private_key.default",
            "module.nodejs.aws_iam_instance_profile.default",
            "module.nodejs.aws_iam_role.default",
            "module.nodejs.data.aws_ami.default",
            "module.nodejs.data.aws_ami.info",
            "module.nodejs.data.aws_iam_policy_document.default",
            "module.nodejs.data.aws_subnet.default",
            "module.nodejs.module.security_group.aws_security_group.default",
            "module.nodejs.module.security_group.data.aws_security_group.external"
          ]
        }
      ]
    },
    {
      "module": "module.nodejs",
      "mode": "managed",
      "type": "null_resource",
      "name": "check_alarm_action",
      "provider": "provider[\"registry.terraform.io/hashicorp/null\"]",
      "instances": [
        {
          "index_key": 0,
          "schema_version": 0,
          "attributes": {
            "id": "889850988996371628",
            "triggers": {
              "action": "arn:aws:swf:ap-southeast-1:720758062081:action/actions/AWS_EC2.InstanceId.Reboot/1.0"
            }
          },
          "sensitive_attributes": [],
          "private": "bnVsbA==",
          "dependencies": [
            "module.nodejs.data.aws_caller_identity.default",
            "module.nodejs.data.aws_partition.default",
            "module.nodejs.data.aws_region.default"
          ]
        }
      ]
    },
    {
      "module": "module.nodejs.module.security_group",
      "mode": "managed",
      "type": "aws_security_group",
      "name": "default",
      "provider": "provider[\"registry.terraform.io/hashicorp/aws\"]",
      "instances": [
        {
          "index_key": 0,
          "schema_version": 1,
          "attributes": {
            "arn": "arn:aws:ec2:ap-southeast-1:720758062081:security-group/sg-0ed6dc31f7c9ad5ab",
            "description": "EC2 Security Group",
            "egress": [
              {
                "cidr_blocks": [
                  "0.0.0.0/0"
                ],
                "description": "Managed by Terraform",
                "from_port": 0,
                "ipv6_cidr_blocks": [],
                "prefix_list_ids": [],
                "protocol": "-1",
                "security_groups": [],
                "self": false,
                "to_port": 0
              }
            ],
            "id": "sg-0ed6dc31f7c9ad5ab",
            "ingress": [
              {
                "cidr_blocks": [
                  "0.0.0.0/0"
                ],
                "description": "Managed by Terraform",
                "from_port": 443,
                "ipv6_cidr_blocks": [],
                "prefix_list_ids": [],
                "protocol": "tcp",
                "security_groups": [],
                "self": false,
                "to_port": 443
              },
              {
                "cidr_blocks": [
                  "0.0.0.0/0"
                ],
                "description": "Managed by Terraform",
                "from_port": 80,
                "ipv6_cidr_blocks": [],
                "prefix_list_ids": [],
                "protocol": "tcp",
                "security_groups": [],
                "self": false,
                "to_port": 80
              },
              {
                "cidr_blocks": [
                  "220.255.65.0/24"
                ],
                "description": "Managed by Terraform",
                "from_port": 22,
                "ipv6_cidr_blocks": [],
                "prefix_list_ids": [],
                "protocol": "tcp",
                "security_groups": [],
                "self": false,
                "to_port": 22
              }
            ],
            "name": "symbiosis-dev-ec2",
            "name_prefix": "",
            "owner_id": "720758062081",
            "revoke_rules_on_delete": false,
            "tags": {
              "Name": "symbiosis-dev-ec2",
              "Namespace": "symbiosis",
              "Stage": "dev"
            },
            "tags_all": {
              "Name": "symbiosis-dev-ec2",
              "Namespace": "symbiosis",
              "Stage": "dev"
            },
            "timeouts": null,
            "vpc_id": "vpc-046b1ecd264f43af1"
          },
          "sensitive_attributes": [],
          "private": "eyJlMmJmYjczMC1lY2FhLTExZTYtOGY4OC0zNDM2M2JjN2M0YzAiOnsiY3JlYXRlIjo2MDAwMDAwMDAwMDAsImRlbGV0ZSI6OTAwMDAwMDAwMDAwfSwic2NoZW1hX3ZlcnNpb24iOiIxIn0=",
          "create_before_destroy": true
        }
      ]
    },
    {
      "module": "module.nodejs.module.security_group",
      "mode": "managed",
      "type": "aws_security_group_rule",
      "name": "default",
      "provider": "provider[\"registry.terraform.io/hashicorp/aws\"]",
      "instances": [
        {
          "index_key": "egress--1-0-65535-cbd201ed3b6029e1f305a433350cb74e",
          "schema_version": 2,
          "attributes": {
            "cidr_blocks": [
              "0.0.0.0/0"
            ],
            "description": "Managed by Terraform",
            "from_port": 0,
            "id": "sgrule-1089389660",
            "ipv6_cidr_blocks": [],
            "prefix_list_ids": [],
            "protocol": "-1",
            "security_group_id": "sg-0ed6dc31f7c9ad5ab",
            "self": false,
            "source_security_group_id": null,
            "to_port": 0,
            "type": "egress"
          },
          "sensitive_attributes": [],
          "private": "eyJzY2hlbWFfdmVyc2lvbiI6IjIifQ==",
          "dependencies": [
            "module.nodejs.module.security_group.aws_security_group.default",
            "module.nodejs.module.security_group.data.aws_security_group.external"
          ]
        },
        {
          "index_key": "ingress-tcp-22-22-ad14e77285fa34d18138f3cb8ab6043c",
          "schema_version": 2,
          "attributes": {
            "cidr_blocks": [
              "220.255.65.0/24"
            ],
            "description": "Managed by Terraform",
            "from_port": 22,
            "id": "sgrule-4169224826",
            "ipv6_cidr_blocks": [],
            "prefix_list_ids": [],
            "protocol": "tcp",
            "security_group_id": "sg-0ed6dc31f7c9ad5ab",
            "self": false,
            "source_security_group_id": null,
            "to_port": 22,
            "type": "ingress"
          },
          "sensitive_attributes": [],
          "private": "eyJzY2hlbWFfdmVyc2lvbiI6IjIifQ==",
          "dependencies": [
            "module.nodejs.module.security_group.aws_security_group.default",
            "module.nodejs.module.security_group.data.aws_security_group.external"
          ]
        },
        {
          "index_key": "ingress-tcp-3000-3000-38197096e8efaadaed562a8cd4c7d614",
          "schema_version": 2,
          "attributes": {
            "cidr_blocks": [
              "0.0.0.0/0"
            ],
            "description": "Managed by Terraform",
            "from_port": 3000,
            "id": "sgrule-3756303775",
            "ipv6_cidr_blocks": null,
            "prefix_list_ids": null,
            "protocol": "tcp",
            "security_group_id": "sg-0ed6dc31f7c9ad5ab",
            "self": false,
            "source_security_group_id": null,
            "to_port": 3000,
            "type": "ingress"
          },
          "sensitive_attributes": [],
          "private": "eyJzY2hlbWFfdmVyc2lvbiI6IjIifQ==",
          "dependencies": [
            "module.nodejs.module.security_group.aws_security_group.default",
            "module.nodejs.module.security_group.data.aws_security_group.external"
          ]
        },
        {
          "index_key": "ingress-tcp-443-443-e1399ecf27790e71e4ce8612a3dedc88",
          "schema_version": 2,
          "attributes": {
            "cidr_blocks": [
              "0.0.0.0/0"
            ],
            "description": "Managed by Terraform",
            "from_port": 443,
            "id": "sgrule-2138211624",
            "ipv6_cidr_blocks": [],
            "prefix_list_ids": [],
            "protocol": "tcp",
            "security_group_id": "sg-0ed6dc31f7c9ad5ab",
            "self": false,
            "source_security_group_id": null,
            "to_port": 443,
            "type": "ingress"
          },
          "sensitive_attributes": [],
          "private": "eyJzY2hlbWFfdmVyc2lvbiI6IjIifQ==",
          "dependencies": [
            "module.nodejs.module.security_group.aws_security_group.default",
            "module.nodejs.module.security_group.data.aws_security_group.external"
          ]
        },
        {
          "index_key": "ingress-tcp-80-80-54705488843219e55cc45d3f629db1dd",
          "schema_version": 2,
          "attributes": {
            "cidr_blocks": [
              "0.0.0.0/0"
            ],
            "description": "Managed by Terraform",
            "from_port": 80,
            "id": "sgrule-3047504785",
            "ipv6_cidr_blocks": [],
            "prefix_list_ids": [],
            "protocol": "tcp",
            "security_group_id": "sg-0ed6dc31f7c9ad5ab",
            "self": false,
            "source_security_group_id": null,
            "to_port": 80,
            "type": "ingress"
          },
          "sensitive_attributes": [],
          "private": "eyJzY2hlbWFfdmVyc2lvbiI6IjIifQ==",
          "dependencies": [
            "module.nodejs.module.security_group.aws_security_group.default",
            "module.nodejs.module.security_group.data.aws_security_group.external"
          ]
        }
      ]
    }
  ]
}
